
Microsoft Visual Studio Solution File, Format Version 12.00
# Visual Studio Version 17
VisualStudioVersion = 17.9.34607.119
MinimumVisualStudioVersion = 10.0.40219.1
Project("{FAE04EC0-301F-11D3-BF4B-00C04F79EFBC}") = "Physics problems.", "..\Physics problems\Physics problems\Physics problems..csproj", "{ADD3DA97-94E8-44D2-B3AB-2EFE169B50F9}"
EndProject
Global
	GlobalSection(SolutionConfigurationPlatforms) = preSolution
		Debug|Any CPU = Debug|Any CPU
		Release|Any CPU = Release|Any CPU
	EndGlobalSection
	GlobalSection(ProjectConfigurationPlatforms) = postSolution
		{ADD3DA97-94E8-44D2-B3AB-2EFE169B50F9}.Debug|Any CPU.ActiveCfg = Debug|Any CPU
		{ADD3DA97-94E8-44D2-B3AB-2EFE169B50F9}.Debug|Any CPU.Build.0 = Debug|Any CPU
		{ADD3DA97-94E8-44D2-B3AB-2EFE169B50F9}.Release|Any CPU.ActiveCfg = Release|Any CPU
		{ADD3DA97-94E8-44D2-B3AB-2EFE169B50F9}.Release|Any CPU.Build.0 = Release|Any CPU
	EndGlobalSection
	GlobalSection(SolutionProperties) = preSolution
		HideSolutionNode = FALSE
	EndGlobalSection
	GlobalSection(ExtensibilityGlobals) = postSolution
		SolutionGuid = {68D83A61-4A2C-42EA-877B-3ECAC7DE2C12}
	EndGlobalSection
EndGlobal
